
Microsoft Visual Studio Solution File, Format Version 12.00
# Visual Studio Version 17
VisualStudioVersion = 17.1.32210.238
MinimumVisualStudioVersion = 10.0.40219.1
Project("{FAE04EC0-301F-11D3-BF4B-00C04F79EFBC}") = "IntegralTypes", "IntegralTypes\IntegralTypes.csproj", "{0B569E5D-7CBA-460B-9C13-96A2AA91254A}"
EndProject
Project("{FAE04EC0-301F-11D3-BF4B-00C04F79EFBC}") = "IntegralLiterals", "IntegralLiterals\IntegralLiterals.csproj", "{076ECF2C-FCD8-46FE-9554-FD28445D8765}"
EndProject
Project("{FAE04EC0-301F-11D3-BF4B-00C04F79EFBC}") = "SignedUnsigned", "SignedUnsigned\SignedUnsigned.csproj", "{0EECD0F9-C410-4D20-9A46-40C50C7D8591}"
EndProject
Project("{FAE04EC0-301F-11D3-BF4B-00C04F79EFBC}") = "total", "total\total.csproj", "{075F6B88-734D-4910-8DC2-F5FDDE3356E5}"
EndProject
Global
	GlobalSection(SolutionConfigurationPlatforms) = preSolution
		Debug|Any CPU = Debug|Any CPU
		Release|Any CPU = Release|Any CPU
	EndGlobalSection
	GlobalSection(ProjectConfigurationPlatforms) = postSolution
		{0B569E5D-7CBA-460B-9C13-96A2AA91254A}.Debug|Any CPU.ActiveCfg = Debug|Any CPU
		{0B569E5D-7CBA-460B-9C13-96A2AA91254A}.Debug|Any CPU.Build.0 = Debug|Any CPU
		{0B569E5D-7CBA-460B-9C13-96A2AA91254A}.Release|Any CPU.ActiveCfg = Release|Any CPU
		{0B569E5D-7CBA-460B-9C13-96A2AA91254A}.Release|Any CPU.Build.0 = Release|Any CPU
		{076ECF2C-FCD8-46FE-9554-FD28445D8765}.Debug|Any CPU.ActiveCfg = Debug|Any CPU
		{076ECF2C-FCD8-46FE-9554-FD28445D8765}.Debug|Any CPU.Build.0 = Debug|Any CPU
		{076ECF2C-FCD8-46FE-9554-FD28445D8765}.Release|Any CPU.ActiveCfg = Release|Any CPU
		{076ECF2C-FCD8-46FE-9554-FD28445D8765}.Release|Any CPU.Build.0 = Release|Any CPU
		{0EECD0F9-C410-4D20-9A46-40C50C7D8591}.Debug|Any CPU.ActiveCfg = Debug|Any CPU
		{0EECD0F9-C410-4D20-9A46-40C50C7D8591}.Debug|Any CPU.Build.0 = Debug|Any CPU
		{0EECD0F9-C410-4D20-9A46-40C50C7D8591}.Release|Any CPU.ActiveCfg = Release|Any CPU
		{0EECD0F9-C410-4D20-9A46-40C50C7D8591}.Release|Any CPU.Build.0 = Release|Any CPU
		{075F6B88-734D-4910-8DC2-F5FDDE3356E5}.Debug|Any CPU.ActiveCfg = Debug|Any CPU
		{075F6B88-734D-4910-8DC2-F5FDDE3356E5}.Debug|Any CPU.Build.0 = Debug|Any CPU
		{075F6B88-734D-4910-8DC2-F5FDDE3356E5}.Release|Any CPU.ActiveCfg = Release|Any CPU
		{075F6B88-734D-4910-8DC2-F5FDDE3356E5}.Release|Any CPU.Build.0 = Release|Any CPU
	EndGlobalSection
	GlobalSection(SolutionProperties) = preSolution
		HideSolutionNode = FALSE
	EndGlobalSection
	GlobalSection(ExtensibilityGlobals) = postSolution
		SolutionGuid = {4DF215F8-F744-4DDB-A873-02D6ED622589}
	EndGlobalSection
EndGlobal
